
Microsoft Visual Studio Solution File, Format Version 12.00
# Visual Studio Version 17
VisualStudioVersion = 17.3.32825.248
MinimumVisualStudioVersion = 10.0.40219.1
Project("{FAE04EC0-301F-11D3-BF4B-00C04F79EFBC}") = "CustomerService", "CustomerService\CustomerService.csproj", "{D1B3A5C9-DEA1-4561-957D-5C9BA11D99BA}"
EndProject
Global
	GlobalSection(SolutionConfigurationPlatforms) = preSolution
		Debug|Any CPU = Debug|Any CPU
		Release|Any CPU = Release|Any CPU
	EndGlobalSection
	GlobalSection(ProjectConfigurationPlatforms) = postSolution
		{D1B3A5C9-DEA1-4561-957D-5C9BA11D99BA}.Debug|Any CPU.ActiveCfg = Debug|Any CPU
		{D1B3A5C9-DEA1-4561-957D-5C9BA11D99BA}.Debug|Any CPU.Build.0 = Debug|Any CPU
		{D1B3A5C9-DEA1-4561-957D-5C9BA11D99BA}.Release|Any CPU.ActiveCfg = Release|Any CPU
		{D1B3A5C9-DEA1-4561-957D-5C9BA11D99BA}.Release|Any CPU.Build.0 = Release|Any CPU
	EndGlobalSection
	GlobalSection(SolutionProperties) = preSolution
		HideSolutionNode = FALSE
	EndGlobalSection
	GlobalSection(ExtensibilityGlobals) = postSolution
		SolutionGuid = {CC539B8F-B330-4BCC-921E-5C7A6E943692}
	EndGlobalSection
EndGlobal
